// !$*UTF8*$!
{
	archiveVersion = 1;
	classes = {
	};
	objectVersion = 56;
	objects = {

/* Begin PBXBuildFile section */
		7755B9CB29CBD78E00E878D6 /* TravelTasteApp.swift in Sources */ = {isa = PBXBuildFile; fileRef = 7755B9CA29CBD78E00E878D6 /* TravelTasteApp.swift */; };
		7755B9CF29CBD79300E878D6 /* Assets.xcassets in Resources */ = {isa = PBXBuildFile; fileRef = 7755B9CE29CBD79300E878D6 /* Assets.xcassets */; };
		77706EEB29CBE9FC0099957B /* MainScreen.swift in Sources */ = {isa = PBXBuildFile; fileRef = 77706EEA29CBE9FC0099957B /* MainScreen.swift */; };
		77B750E129CBF4E800934758 /* LocationManager.swift in Sources */ = {isa = PBXBuildFile; fileRef = 77B750E029CBF4E800934758 /* LocationManager.swift */; };
		77B750E329CBFB4700934758 /* MainScreenViewModel.swift in Sources */ = {isa = PBXBuildFile; fileRef = 77B750E229CBFB4700934758 /* MainScreenViewModel.swift */; };
		77B750EB29CC091700934758 /* Travel-Taste-Info.plist in Sources */ = {isa = PBXBuildFile; fileRef = 77B750E429CC07F500934758 /* Travel-Taste-Info.plist */; };
		77B750EF29CC146E00934758 /* MapView.swift in Sources */ = {isa = PBXBuildFile; fileRef = 77B750EE29CC146E00934758 /* MapView.swift */; };
		77B750F429CC1A4A00934758 /* MapViewCoordinator.swift in Sources */ = {isa = PBXBuildFile; fileRef = 77B750F329CC1A4A00934758 /* MapViewCoordinator.swift */; };
		77B750F629CC22EC00934758 /* AuthenticationService.swift in Sources */ = {isa = PBXBuildFile; fileRef = 77B750F529CC22EC00934758 /* AuthenticationService.swift */; };
		77B750F829CC22FD00934758 /* DatabaseService.swift in Sources */ = {isa = PBXBuildFile; fileRef = 77B750F729CC22FD00934758 /* DatabaseService.swift */; };
		77B750FA29CC231500934758 /* CloudStorageService.swift in Sources */ = {isa = PBXBuildFile; fileRef = 77B750F929CC231500934758 /* CloudStorageService.swift */; };
		77B750FC29CC232300934758 /* UserManager.swift in Sources */ = {isa = PBXBuildFile; fileRef = 77B750FB29CC232300934758 /* UserManager.swift */; };
		77B750FE29CC233500934758 /* AppService.swift in Sources */ = {isa = PBXBuildFile; fileRef = 77B750FD29CC233500934758 /* AppService.swift */; };
		77B7510129CC236500934758 /* InjectableServices.swift in Sources */ = {isa = PBXBuildFile; fileRef = 77B7510029CC236500934758 /* InjectableServices.swift */; };
		77B7510429CC293800934758 /* Launch Screen.storyboard in Resources */ = {isa = PBXBuildFile; fileRef = 77B7510329CC293700934758 /* Launch Screen.storyboard */; };
		77CF80D129CBDB68002435E8 /* AssetManager.swift in Sources */ = {isa = PBXBuildFile; fileRef = 77CF80D029CBDB68002435E8 /* AssetManager.swift */; };
/* End PBXBuildFile section */

/* Begin PBXFileReference section */
		7755B9C729CBD78E00E878D6 /* Travel Taste.app */ = {isa = PBXFileReference; explicitFileType = wrapper.application; includeInIndex = 0; path = "Travel Taste.app"; sourceTree = BUILT_PRODUCTS_DIR; };
		7755B9CA29CBD78E00E878D6 /* TravelTasteApp.swift */ = {isa = PBXFileReference; lastKnownFileType = sourcecode.swift; path = TravelTasteApp.swift; sourceTree = "<group>"; };
		7755B9CE29CBD79300E878D6 /* Assets.xcassets */ = {isa = PBXFileReference; lastKnownFileType = folder.assetcatalog; path = Assets.xcassets; sourceTree = "<group>"; };
		77706EEA29CBE9FC0099957B /* MainScreen.swift */ = {isa = PBXFileReference; lastKnownFileType = sourcecode.swift; path = MainScreen.swift; sourceTree = "<group>"; };
		77B750E029CBF4E800934758 /* LocationManager.swift */ = {isa = PBXFileReference; lastKnownFileType = sourcecode.swift; path = LocationManager.swift; sourceTree = "<group>"; };
		77B750E229CBFB4700934758 /* MainScreenViewModel.swift */ = {isa = PBXFileReference; lastKnownFileType = sourcecode.swift; path = MainScreenViewModel.swift; sourceTree = "<group>"; };
		77B750E429CC07F500934758 /* Travel-Taste-Info.plist */ = {isa = PBXFileReference; fileEncoding = 4; lastKnownFileType = text.plist.xml; path = "Travel-Taste-Info.plist"; sourceTree = "<group>"; };
		77B750EE29CC146E00934758 /* MapView.swift */ = {isa = PBXFileReference; lastKnownFileType = sourcecode.swift; path = MapView.swift; sourceTree = "<group>"; };
		77B750F329CC1A4A00934758 /* MapViewCoordinator.swift */ = {isa = PBXFileReference; lastKnownFileType = sourcecode.swift; path = MapViewCoordinator.swift; sourceTree = "<group>"; };
		77B750F529CC22EC00934758 /* AuthenticationService.swift */ = {isa = PBXFileReference; lastKnownFileType = sourcecode.swift; path = AuthenticationService.swift; sourceTree = "<group>"; };
		77B750F729CC22FD00934758 /* DatabaseService.swift */ = {isa = PBXFileReference; lastKnownFileType = sourcecode.swift; path = DatabaseService.swift; sourceTree = "<group>"; };
		77B750F929CC231500934758 /* CloudStorageService.swift */ = {isa = PBXFileReference; lastKnownFileType = sourcecode.swift; path = CloudStorageService.swift; sourceTree = "<group>"; };
		77B750FB29CC232300934758 /* UserManager.swift */ = {isa = PBXFileReference; lastKnownFileType = sourcecode.swift; path = UserManager.swift; sourceTree = "<group>"; };
		77B750FD29CC233500934758 /* AppService.swift */ = {isa = PBXFileReference; lastKnownFileType = sourcecode.swift; path = AppService.swift; sourceTree = "<group>"; };
		77B7510029CC236500934758 /* InjectableServices.swift */ = {isa = PBXFileReference; lastKnownFileType = sourcecode.swift; path = InjectableServices.swift; sourceTree = "<group>"; };
		77B7510329CC293700934758 /* Launch Screen.storyboard */ = {isa = PBXFileReference; lastKnownFileType = file.storyboard; path = "Launch Screen.storyboard"; sourceTree = "<group>"; };
		77CF80D029CBDB68002435E8 /* AssetManager.swift */ = {isa = PBXFileReference; lastKnownFileType = sourcecode.swift; path = AssetManager.swift; sourceTree = "<group>"; };
/* End PBXFileReference section */

/* Begin PBXFrameworksBuildPhase section */
		7755B9C429CBD78E00E878D6 /* Frameworks */ = {
			isa = PBXFrameworksBuildPhase;
			buildActionMask = 2147483647;
			files = (
			);
			runOnlyForDeploymentPostprocessing = 0;
		};
/* End PBXFrameworksBuildPhase section */

/* Begin PBXGroup section */
		7755B9BE29CBD78E00E878D6 = {
			isa = PBXGroup;
			children = (
				7755B9C929CBD78E00E878D6 /* Travel Taste */,
				7755B9C829CBD78E00E878D6 /* Products */,
			);
			sourceTree = "<group>";
		};
		7755B9C829CBD78E00E878D6 /* Products */ = {
			isa = PBXGroup;
			children = (
				7755B9C729CBD78E00E878D6 /* Travel Taste.app */,
			);
			name = Products;
			sourceTree = "<group>";
		};
		7755B9C929CBD78E00E878D6 /* Travel Taste */ = {
			isa = PBXGroup;
			children = (
				77B7510229CC292100934758 /* Supporting Files */,
				77B750E429CC07F500934758 /* Travel-Taste-Info.plist */,
				77CF80C929CBDAE7002435E8 /* Code */,
			);
			path = "Travel Taste";
			sourceTree = "<group>";
		};
		77706EE529CBE8300099957B /* Screens */ = {
			isa = PBXGroup;
			children = (
				77706EE629CBE8370099957B /* Main */,
			);
			path = Screens;
			sourceTree = "<group>";
		};
		77706EE629CBE8370099957B /* Main */ = {
			isa = PBXGroup;
			children = (
				77706EE829CBE8420099957B /* View Models */,
				77706EE729CBE83D0099957B /* View */,
			);
			path = Main;
			sourceTree = "<group>";
		};
		77706EE729CBE83D0099957B /* View */ = {
			isa = PBXGroup;
			children = (
				77706EEA29CBE9FC0099957B /* MainScreen.swift */,
			);
			path = View;
			sourceTree = "<group>";
		};
		77706EE829CBE8420099957B /* View Models */ = {
			isa = PBXGroup;
			children = (
				77B750E229CBFB4700934758 /* MainScreenViewModel.swift */,
			);
			path = "View Models";
			sourceTree = "<group>";
		};
		77B750EC29CC144200934758 /* Common */ = {
			isa = PBXGroup;
			children = (
			);
			path = Common;
			sourceTree = "<group>";
		};
		77B750ED29CC145100934758 /* Reusable Views */ = {
			isa = PBXGroup;
			children = (
				77B750F029CC19F100934758 /* Map View */,
			);
			path = "Reusable Views";
			sourceTree = "<group>";
		};
		77B750F029CC19F100934758 /* Map View */ = {
			isa = PBXGroup;
			children = (
				77B750F229CC1A0B00934758 /* Coordinator */,
				77B750F129CC19FC00934758 /* View */,
			);
			path = "Map View";
			sourceTree = "<group>";
		};
		77B750F129CC19FC00934758 /* View */ = {
			isa = PBXGroup;
			children = (
				77B750EE29CC146E00934758 /* MapView.swift */,
			);
			path = View;
			sourceTree = "<group>";
		};
		77B750F229CC1A0B00934758 /* Coordinator */ = {
			isa = PBXGroup;
			children = (
				77B750F329CC1A4A00934758 /* MapViewCoordinator.swift */,
			);
			path = Coordinator;
			sourceTree = "<group>";
		};
		77B750FF29CC234900934758 /* Dependency Injection */ = {
			isa = PBXGroup;
			children = (
				77B7510029CC236500934758 /* InjectableServices.swift */,
			);
			path = "Dependency Injection";
			sourceTree = "<group>";
		};
		77B7510229CC292100934758 /* Supporting Files */ = {
			isa = PBXGroup;
			children = (
				77B7510329CC293700934758 /* Launch Screen.storyboard */,
			);
			path = "Supporting Files";
			sourceTree = "<group>";
		};
		77CF80C929CBDAE7002435E8 /* Code */ = {
			isa = PBXGroup;
			children = (
				77B750ED29CC145100934758 /* Reusable Views */,
				77B750EC29CC144200934758 /* Common */,
				77706EE529CBE8300099957B /* Screens */,
				77CF80CE29CBDB42002435E8 /* Resources */,
				77CF80CD29CBDB3C002435E8 /* Data Models */,
				77CF80CA29CBDAF0002435E8 /* Core-TravelTaste */,
			);
			path = Code;
			sourceTree = "<group>";
		};
		77CF80CA29CBDAF0002435E8 /* Core-TravelTaste */ = {
			isa = PBXGroup;
			children = (
				77CF80CF29CBDB4D002435E8 /* Managers */,
				77CF80CC29CBDB21002435E8 /* Centralized App Information */,
				77CF80CB29CBDB08002435E8 /* Services */,
			);
			path = "Core-TravelTaste";
			sourceTree = "<group>";
		};
		77CF80CB29CBDB08002435E8 /* Services */ = {
			isa = PBXGroup;
			children = (
				77B750FF29CC234900934758 /* Dependency Injection */,
				77B750F529CC22EC00934758 /* AuthenticationService.swift */,
				77B750F729CC22FD00934758 /* DatabaseService.swift */,
				77B750F929CC231500934758 /* CloudStorageService.swift */,
				77B750FD29CC233500934758 /* AppService.swift */,
			);
			path = Services;
			sourceTree = "<group>";
		};
		77CF80CC29CBDB21002435E8 /* Centralized App Information */ = {
			isa = PBXGroup;
			children = (
				7755B9CA29CBD78E00E878D6 /* TravelTasteApp.swift */,
			);
			path = "Centralized App Information";
			sourceTree = "<group>";
		};
		77CF80CD29CBDB3C002435E8 /* Data Models */ = {
			isa = PBXGroup;
			children = (
			);
			path = "Data Models";
			sourceTree = "<group>";
		};
		77CF80CE29CBDB42002435E8 /* Resources */ = {
			isa = PBXGroup;
			children = (
				7755B9CE29CBD79300E878D6 /* Assets.xcassets */,
			);
			path = Resources;
			sourceTree = "<group>";
		};
		77CF80CF29CBDB4D002435E8 /* Managers */ = {
			isa = PBXGroup;
			children = (
				77CF80D029CBDB68002435E8 /* AssetManager.swift */,
				77B750E029CBF4E800934758 /* LocationManager.swift */,
				77B750FB29CC232300934758 /* UserManager.swift */,
			);
			path = Managers;
			sourceTree = "<group>";
		};
/* End PBXGroup section */

/* Begin PBXNativeTarget section */
		7755B9C629CBD78E00E878D6 /* Travel Taste */ = {
			isa = PBXNativeTarget;
			buildConfigurationList = 7755B9D529CBD79300E878D6 /* Build configuration list for PBXNativeTarget "Travel Taste" */;
			buildPhases = (
				7755B9C329CBD78E00E878D6 /* Sources */,
				7755B9C429CBD78E00E878D6 /* Frameworks */,
				7755B9C529CBD78E00E878D6 /* Resources */,
			);
			buildRules = (
			);
			dependencies = (
			);
			name = "Travel Taste";
			productName = "Travel Taste";
			productReference = 7755B9C729CBD78E00E878D6 /* Travel Taste.app */;
			productType = "com.apple.product-type.application";
		};
/* End PBXNativeTarget section */

/* Begin PBXProject section */
		7755B9BF29CBD78E00E878D6 /* Project object */ = {
			isa = PBXProject;
			attributes = {
				BuildIndependentTargetsInParallel = 1;
				LastSwiftUpdateCheck = 1420;
				LastUpgradeCheck = 1420;
				TargetAttributes = {
					7755B9C629CBD78E00E878D6 = {
						CreatedOnToolsVersion = 14.2;
					};
				};
			};
			buildConfigurationList = 7755B9C229CBD78E00E878D6 /* Build configuration list for PBXProject "Travel Taste" */;
			compatibilityVersion = "Xcode 14.0";
			developmentRegion = en;
			hasScannedForEncodings = 0;
			knownRegions = (
				en,
				Base,
			);
			mainGroup = 7755B9BE29CBD78E00E878D6;
			productRefGroup = 7755B9C829CBD78E00E878D6 /* Products */;
			projectDirPath = "";
			projectRoot = "";
			targets = (
				7755B9C629CBD78E00E878D6 /* Travel Taste */,
			);
		};
/* End PBXProject section */

/* Begin PBXResourcesBuildPhase section */
		7755B9C529CBD78E00E878D6 /* Resources */ = {
			isa = PBXResourcesBuildPhase;
			buildActionMask = 2147483647;
			files = (
				77B7510429CC293800934758 /* Launch Screen.storyboard in Resources */,
				7755B9CF29CBD79300E878D6 /* Assets.xcassets in Resources */,
			);
			runOnlyForDeploymentPostprocessing = 0;
		};
/* End PBXResourcesBuildPhase section */

/* Begin PBXSourcesBuildPhase section */
		7755B9C329CBD78E00E878D6 /* Sources */ = {
			isa = PBXSourcesBuildPhase;
			buildActionMask = 2147483647;
			files = (
				77B750F429CC1A4A00934758 /* MapViewCoordinator.swift in Sources */,
				77B750EF29CC146E00934758 /* MapView.swift in Sources */,
				77B750EB29CC091700934758 /* Travel-Taste-Info.plist in Sources */,
				77B750F629CC22EC00934758 /* AuthenticationService.swift in Sources */,
				77B750E129CBF4E800934758 /* LocationManager.swift in Sources */,
				77B750FE29CC233500934758 /* AppService.swift in Sources */,
				77B750E329CBFB4700934758 /* MainScreenViewModel.swift in Sources */,
				77B750FC29CC232300934758 /* UserManager.swift in Sources */,
				77B750F829CC22FD00934758 /* DatabaseService.swift in Sources */,
				77B7510129CC236500934758 /* InjectableServices.swift in Sources */,
				77B750FA29CC231500934758 /* CloudStorageService.swift in Sources */,
				77706EEB29CBE9FC0099957B /* MainScreen.swift in Sources */,
				77CF80D129CBDB68002435E8 /* AssetManager.swift in Sources */,
				7755B9CB29CBD78E00E878D6 /* TravelTasteApp.swift in Sources */,
			);
			runOnlyForDeploymentPostprocessing = 0;
		};
/* End PBXSourcesBuildPhase section */

/* Begin XCBuildConfiguration section */
		7755B9D329CBD79300E878D6 /* Debug */ = {
			isa = XCBuildConfiguration;
			buildSettings = {
				ALWAYS_SEARCH_USER_PATHS = NO;
				CLANG_ANALYZER_NONNULL = YES;
				CLANG_ANALYZER_NUMBER_OBJECT_CONVERSION = YES_AGGRESSIVE;
				CLANG_CXX_LANGUAGE_STANDARD = "gnu++20";
				CLANG_ENABLE_MODULES = YES;
				CLANG_ENABLE_OBJC_ARC = YES;
				CLANG_ENABLE_OBJC_WEAK = YES;
				CLANG_WARN_BLOCK_CAPTURE_AUTORELEASING = YES;
				CLANG_WARN_BOOL_CONVERSION = YES;
				CLANG_WARN_COMMA = YES;
				CLANG_WARN_CONSTANT_CONVERSION = YES;
				CLANG_WARN_DEPRECATED_OBJC_IMPLEMENTATIONS = YES;
				CLANG_WARN_DIRECT_OBJC_ISA_USAGE = YES_ERROR;
				CLANG_WARN_DOCUMENTATION_COMMENTS = YES;
				CLANG_WARN_EMPTY_BODY = YES;
				CLANG_WARN_ENUM_CONVERSION = YES;
				CLANG_WARN_INFINITE_RECURSION = YES;
				CLANG_WARN_INT_CONVERSION = YES;
				CLANG_WARN_NON_LITERAL_NULL_CONVERSION = YES;
				CLANG_WARN_OBJC_IMPLICIT_RETAIN_SELF = YES;
				CLANG_WARN_OBJC_LITERAL_CONVERSION = YES;
				CLANG_WARN_OBJC_ROOT_CLASS = YES_ERROR;
				CLANG_WARN_QUOTED_INCLUDE_IN_FRAMEWORK_HEADER = YES;
				CLANG_WARN_RANGE_LOOP_ANALYSIS = YES;
				CLANG_WARN_STRICT_PROTOTYPES = YES;
				CLANG_WARN_SUSPICIOUS_MOVE = YES;
				CLANG_WARN_UNGUARDED_AVAILABILITY = YES_AGGRESSIVE;
				CLANG_WARN_UNREACHABLE_CODE = YES;
				CLANG_WARN__DUPLICATE_METHOD_MATCH = YES;
				COPY_PHASE_STRIP = NO;
				DEBUG_INFORMATION_FORMAT = dwarf;
				ENABLE_STRICT_OBJC_MSGSEND = YES;
				ENABLE_TESTABILITY = YES;
				GCC_C_LANGUAGE_STANDARD = gnu11;
				GCC_DYNAMIC_NO_PIC = NO;
				GCC_NO_COMMON_BLOCKS = YES;
				GCC_OPTIMIZATION_LEVEL = 0;
				GCC_PREPROCESSOR_DEFINITIONS = (
					"DEBUG=1",
					"$(inherited)",
				);
				GCC_WARN_64_TO_32_BIT_CONVERSION = YES;
				GCC_WARN_ABOUT_RETURN_TYPE = YES_ERROR;
				GCC_WARN_UNDECLARED_SELECTOR = YES;
				GCC_WARN_UNINITIALIZED_AUTOS = YES_AGGRESSIVE;
				GCC_WARN_UNUSED_FUNCTION = YES;
				GCC_WARN_UNUSED_VARIABLE = YES;
				IPHONEOS_DEPLOYMENT_TARGET = 16.2;
				MTL_ENABLE_DEBUG_INFO = INCLUDE_SOURCE;
				MTL_FAST_MATH = YES;
				ONLY_ACTIVE_ARCH = YES;
				SDKROOT = iphoneos;
				SWIFT_ACTIVE_COMPILATION_CONDITIONS = DEBUG;
				SWIFT_OPTIMIZATION_LEVEL = "-Onone";
			};
			name = Debug;
		};
		7755B9D429CBD79300E878D6 /* Release */ = {
			isa = XCBuildConfiguration;
			buildSettings = {
				ALWAYS_SEARCH_USER_PATHS = NO;
				CLANG_ANALYZER_NONNULL = YES;
				CLANG_ANALYZER_NUMBER_OBJECT_CONVERSION = YES_AGGRESSIVE;
				CLANG_CXX_LANGUAGE_STANDARD = "gnu++20";
				CLANG_ENABLE_MODULES = YES;
				CLANG_ENABLE_OBJC_ARC = YES;
				CLANG_ENABLE_OBJC_WEAK = YES;
				CLANG_WARN_BLOCK_CAPTURE_AUTORELEASING = YES;
				CLANG_WARN_BOOL_CONVERSION = YES;
				CLANG_WARN_COMMA = YES;
				CLANG_WARN_CONSTANT_CONVERSION = YES;
				CLANG_WARN_DEPRECATED_OBJC_IMPLEMENTATIONS = YES;
				CLANG_WARN_DIRECT_OBJC_ISA_USAGE = YES_ERROR;
				CLANG_WARN_DOCUMENTATION_COMMENTS = YES;
				CLANG_WARN_EMPTY_BODY = YES;
				CLANG_WARN_ENUM_CONVERSION = YES;
				CLANG_WARN_INFINITE_RECURSION = YES;
				CLANG_WARN_INT_CONVERSION = YES;
				CLANG_WARN_NON_LITERAL_NULL_CONVERSION = YES;
				CLANG_WARN_OBJC_IMPLICIT_RETAIN_SELF = YES;
				CLANG_WARN_OBJC_LITERAL_CONVERSION = YES;
				CLANG_WARN_OBJC_ROOT_CLASS = YES_ERROR;
				CLANG_WARN_QUOTED_INCLUDE_IN_FRAMEWORK_HEADER = YES;
				CLANG_WARN_RANGE_LOOP_ANALYSIS = YES;
				CLANG_WARN_STRICT_PROTOTYPES = YES;
				CLANG_WARN_SUSPICIOUS_MOVE = YES;
				CLANG_WARN_UNGUARDED_AVAILABILITY = YES_AGGRESSIVE;
				CLANG_WARN_UNREACHABLE_CODE = YES;
				CLANG_WARN__DUPLICATE_METHOD_MATCH = YES;
				COPY_PHASE_STRIP = NO;
				DEBUG_INFORMATION_FORMAT = "dwarf-with-dsym";
				ENABLE_NS_ASSERTIONS = NO;
				ENABLE_STRICT_OBJC_MSGSEND = YES;
				GCC_C_LANGUAGE_STANDARD = gnu11;
				GCC_NO_COMMON_BLOCKS = YES;
				GCC_WARN_64_TO_32_BIT_CONVERSION = YES;
				GCC_WARN_ABOUT_RETURN_TYPE = YES_ERROR;
				GCC_WARN_UNDECLARED_SELECTOR = YES;
				GCC_WARN_UNINITIALIZED_AUTOS = YES_AGGRESSIVE;
				GCC_WARN_UNUSED_FUNCTION = YES;
				GCC_WARN_UNUSED_VARIABLE = YES;
				IPHONEOS_DEPLOYMENT_TARGET = 16.2;
				MTL_ENABLE_DEBUG_INFO = NO;
				MTL_FAST_MATH = YES;
				SDKROOT = iphoneos;
				SWIFT_COMPILATION_MODE = wholemodule;
				SWIFT_OPTIMIZATION_LEVEL = "-O";
				VALIDATE_PRODUCT = YES;
			};
			name = Release;
		};
		7755B9D629CBD79300E878D6 /* Debug */ = {
			isa = XCBuildConfiguration;
			buildSettings = {
				ASSETCATALOG_COMPILER_APPICON_NAME = AppIcon;
				ASSETCATALOG_COMPILER_GLOBAL_ACCENT_COLOR_NAME = AccentColor;
				CODE_SIGN_STYLE = Automatic;
				CURRENT_PROJECT_VERSION = 1;
				DEVELOPMENT_TEAM = T4CF832YU5;
				ENABLE_PREVIEWS = YES;
				GENERATE_INFOPLIST_FILE = YES;
				INFOPLIST_KEY_NSLocationAlwaysAndWhenInUseUsageDescription = "Please grant us access to your location in order to use our service";
				INFOPLIST_KEY_NSLocationWhenInUseUsageDescription = "";
				INFOPLIST_KEY_UIApplicationSceneManifest_Generation = YES;
				INFOPLIST_KEY_UIApplicationSupportsIndirectInputEvents = YES;
				INFOPLIST_KEY_UILaunchScreen_Generation = NO;
				INFOPLIST_KEY_UILaunchStoryboardName = "Launch Screen";
				INFOPLIST_KEY_UISupportedInterfaceOrientations_iPad = "UIInterfaceOrientationPortrait UIInterfaceOrientationPortraitUpsideDown UIInterfaceOrientationLandscapeLeft UIInterfaceOrientationLandscapeRight";
				INFOPLIST_KEY_UISupportedInterfaceOrientations_iPhone = "UIInterfaceOrientationPortrait UIInterfaceOrientationLandscapeLeft UIInterfaceOrientationLandscapeRight";
				LD_RUNPATH_SEARCH_PATHS = (
					"$(inherited)",
					"@executable_path/Frameworks",
				);
				MARKETING_VERSION = 1.0;
				PRODUCT_BUNDLE_IDENTIFIER = "com.developers.Travel-Taste";
				PRODUCT_NAME = "$(TARGET_NAME)";
				SWIFT_EMIT_LOC_STRINGS = YES;
				SWIFT_VERSION = 5.0;
				TARGETED_DEVICE_FAMILY = "1,2";
			};
			name = Debug;
		};
		7755B9D729CBD79300E878D6 /* Release */ = {
			isa = XCBuildConfiguration;
			buildSettings = {
				ASSETCATALOG_COMPILER_APPICON_NAME = AppIcon;
				ASSETCATALOG_COMPILER_GLOBAL_ACCENT_COLOR_NAME = AccentColor;
				CODE_SIGN_STYLE = Automatic;
				CURRENT_PROJECT_VERSION = 1;
				DEVELOPMENT_TEAM = T4CF832YU5;
				ENABLE_PREVIEWS = YES;
				GENERATE_INFOPLIST_FILE = YES;
				INFOPLIST_KEY_NSLocationAlwaysAndWhenInUseUsageDescription = "Please grant us access to your location in order to use our service";
				INFOPLIST_KEY_NSLocationWhenInUseUsageDescription = "";
				INFOPLIST_KEY_UIApplicationSceneManifest_Generation = YES;
				INFOPLIST_KEY_UIApplicationSupportsIndirectInputEvents = YES;
				INFOPLIST_KEY_UILaunchScreen_Generation = NO;
				INFOPLIST_KEY_UILaunchStoryboardName = "Launch Screen";
				INFOPLIST_KEY_UISupportedInterfaceOrientations_iPad = "UIInterfaceOrientationPortrait UIInterfaceOrientationPortraitUpsideDown UIInterfaceOrientationLandscapeLeft UIInterfaceOrientationLandscapeRight";
				INFOPLIST_KEY_UISupportedInterfaceOrientations_iPhone = "UIInterfaceOrientationPortrait UIInterfaceOrientationLandscapeLeft UIInterfaceOrientationLandscapeRight";
				LD_RUNPATH_SEARCH_PATHS = (
					"$(inherited)",
					"@executable_path/Frameworks",
				);
				MARKETING_VERSION = 1.0;
				PRODUCT_BUNDLE_IDENTIFIER = "com.developers.Travel-Taste";
				PRODUCT_NAME = "$(TARGET_NAME)";
				SWIFT_EMIT_LOC_STRINGS = YES;
				SWIFT_VERSION = 5.0;
				TARGETED_DEVICE_FAMILY = "1,2";
			};
			name = Release;
		};
/* End XCBuildConfiguration section */

/* Begin XCConfigurationList section */
		7755B9C229CBD78E00E878D6 /* Build configuration list for PBXProject "Travel Taste" */ = {
			isa = XCConfigurationList;
			buildConfigurations = (
				7755B9D329CBD79300E878D6 /* Debug */,
				7755B9D429CBD79300E878D6 /* Release */,
			);
			defaultConfigurationIsVisible = 0;
			defaultConfigurationName = Release;
		};
		7755B9D529CBD79300E878D6 /* Build configuration list for PBXNativeTarget "Travel Taste" */ = {
			isa = XCConfigurationList;
			buildConfigurations = (
				7755B9D629CBD79300E878D6 /* Debug */,
				7755B9D729CBD79300E878D6 /* Release */,
			);
			defaultConfigurationIsVisible = 0;
			defaultConfigurationName = Release;
		};
/* End XCConfigurationList section */
	};
	rootObject = 7755B9BF29CBD78E00E878D6 /* Project object */;
}
